
Microsoft Visual Studio Solution File, Format Version 12.00
# Visual Studio 15
VisualStudioVersion = 15.0.28307.136
MinimumVisualStudioVersion = 10.0.40219.1
Project("{8BC9CEB8-8B4A-11D0-8D11-00A0C91BC942}") = "加权有向图", "加权有向图\加权有向图.vcxproj", "{028F9E40-E5F8-4CB0-A1A9-A34A9C85AE4B}"
EndProject
Global
	GlobalSection(SolutionConfigurationPlatforms) = preSolution
		Debug|x64 = Debug|x64
		Debug|x86 = Debug|x86
		Release|x64 = Release|x64
		Release|x86 = Release|x86
	EndGlobalSection
	GlobalSection(ProjectConfigurationPlatforms) = postSolution
		{028F9E40-E5F8-4CB0-A1A9-A34A9C85AE4B}.Debug|x64.ActiveCfg = Debug|x64
		{028F9E40-E5F8-4CB0-A1A9-A34A9C85AE4B}.Debug|x64.Build.0 = Debug|x64
		{028F9E40-E5F8-4CB0-A1A9-A34A9C85AE4B}.Debug|x86.ActiveCfg = Debug|Win32
		{028F9E40-E5F8-4CB0-A1A9-A34A9C85AE4B}.Debug|x86.Build.0 = Debug|Win32
		{028F9E40-E5F8-4CB0-A1A9-A34A9C85AE4B}.Release|x64.ActiveCfg = Release|x64
		{028F9E40-E5F8-4CB0-A1A9-A34A9C85AE4B}.Release|x64.Build.0 = Release|x64
		{028F9E40-E5F8-4CB0-A1A9-A34A9C85AE4B}.Release|x86.ActiveCfg = Release|Win32
		{028F9E40-E5F8-4CB0-A1A9-A34A9C85AE4B}.Release|x86.Build.0 = Release|Win32
	EndGlobalSection
	GlobalSection(SolutionProperties) = preSolution
		HideSolutionNode = FALSE
	EndGlobalSection
	GlobalSection(ExtensibilityGlobals) = postSolution
		SolutionGuid = {786C8928-19D4-4562-BB7E-6BC8A77B9CF3}
	EndGlobalSection
EndGlobal
